// !$*UTF8*$!
{
	archiveVersion = 1;
	classes = {
	};
	objectVersion = 50;
	objects = {

/* Begin PBXBuildFile section */
		5352B329223009E20065BE5E /* AppDetailsViewController.swift in Sources */ = {isa = PBXBuildFile; fileRef = 5352B328223009E20065BE5E /* AppDetailsViewController.swift */; };
		5367525D2231655F00E51936 /* VersionDetailsCell.swift in Sources */ = {isa = PBXBuildFile; fileRef = 5367525C2231655F00E51936 /* VersionDetailsCell.swift */; };
		5391FC6C222F960B0014EC69 /* AppCell.swift in Sources */ = {isa = PBXBuildFile; fileRef = 5391FC6B222F960B0014EC69 /* AppCell.swift */; };
		53A271BF22334AA400BF018B /* JSON.txt in Resources */ = {isa = PBXBuildFile; fileRef = 53A271BE22334AA400BF018B /* JSON.txt */; };
		53A271C122335D3800BF018B /* ScreenshotsCell.swift in Sources */ = {isa = PBXBuildFile; fileRef = 53A271C022335D3800BF018B /* ScreenshotsCell.swift */; };
		53A271C322336C2100BF018B /* Extensions+UIImage.swift in Sources */ = {isa = PBXBuildFile; fileRef = 53A271C222336C2100BF018B /* Extensions+UIImage.swift */; };
		53AD149922304BDB007678F2 /* AppMainDetailsCell.swift in Sources */ = {isa = PBXBuildFile; fileRef = 53AD149822304BDB007678F2 /* AppMainDetailsCell.swift */; };
		53D47E8C2233169400D0B665 /* Theme.swift in Sources */ = {isa = PBXBuildFile; fileRef = 53D47E8B2233169400D0B665 /* Theme.swift */; };
		53D47E8E223316C800D0B665 /* ThemeProtocol.swift in Sources */ = {isa = PBXBuildFile; fileRef = 53D47E8D223316C800D0B665 /* ThemeProtocol.swift */; };
		53D4BD1D2231C86900705BA9 /* Extensions+UIView.swift in Sources */ = {isa = PBXBuildFile; fileRef = 53D4BD1C2231C86900705BA9 /* Extensions+UIView.swift */; };
		53D7514E223087A900A523C5 /* BaseAppCell.swift in Sources */ = {isa = PBXBuildFile; fileRef = 53D7514D223087A900A523C5 /* BaseAppCell.swift */; };
		53DD23C1222EBC71000DDA14 /* AppDelegate.swift in Sources */ = {isa = PBXBuildFile; fileRef = 53DD23C0222EBC71000DDA14 /* AppDelegate.swift */; };
		53DD23C3222EBC71000DDA14 /* FeaturedAppsController.swift in Sources */ = {isa = PBXBuildFile; fileRef = 53DD23C2222EBC71000DDA14 /* FeaturedAppsController.swift */; };
		53DD23C8222EBC72000DDA14 /* Assets.xcassets in Resources */ = {isa = PBXBuildFile; fileRef = 53DD23C7222EBC72000DDA14 /* Assets.xcassets */; };
		53DD23CB222EBC72000DDA14 /* LaunchScreen.storyboard in Resources */ = {isa = PBXBuildFile; fileRef = 53DD23C9222EBC72000DDA14 /* LaunchScreen.storyboard */; };
		53DD23D3222ECD2B000DDA14 /* FeaturedListCell.swift in Sources */ = {isa = PBXBuildFile; fileRef = 53DD23D2222ECD2B000DDA14 /* FeaturedListCell.swift */; };
		53F35820222F63BF00181AFD /* App.swift in Sources */ = {isa = PBXBuildFile; fileRef = 53F3581F222F63BF00181AFD /* App.swift */; };
		53F35822222F719A00181AFD /* SearchResult.swift in Sources */ = {isa = PBXBuildFile; fileRef = 53F35821222F719A00181AFD /* SearchResult.swift */; };
		53F35824222F821300181AFD /* FeaturedList.swift in Sources */ = {isa = PBXBuildFile; fileRef = 53F35823222F821300181AFD /* FeaturedList.swift */; };
/* End PBXBuildFile section */

/* Begin PBXFileReference section */
		5352B328223009E20065BE5E /* AppDetailsViewController.swift */ = {isa = PBXFileReference; lastKnownFileType = sourcecode.swift; path = AppDetailsViewController.swift; sourceTree = "<group>"; };
		5367525C2231655F00E51936 /* VersionDetailsCell.swift */ = {isa = PBXFileReference; lastKnownFileType = sourcecode.swift; path = VersionDetailsCell.swift; sourceTree = "<group>"; };
		5391FC6B222F960B0014EC69 /* AppCell.swift */ = {isa = PBXFileReference; lastKnownFileType = sourcecode.swift; path = AppCell.swift; sourceTree = "<group>"; };
		53A271BE22334AA400BF018B /* JSON.txt */ = {isa = PBXFileReference; fileEncoding = 4; lastKnownFileType = text; path = JSON.txt; sourceTree = "<group>"; };
		53A271C022335D3800BF018B /* ScreenshotsCell.swift */ = {isa = PBXFileReference; lastKnownFileType = sourcecode.swift; path = ScreenshotsCell.swift; sourceTree = "<group>"; };
		53A271C222336C2100BF018B /* Extensions+UIImage.swift */ = {isa = PBXFileReference; lastKnownFileType = sourcecode.swift; path = "Extensions+UIImage.swift"; sourceTree = "<group>"; };
		53AD149822304BDB007678F2 /* AppMainDetailsCell.swift */ = {isa = PBXFileReference; lastKnownFileType = sourcecode.swift; path = AppMainDetailsCell.swift; sourceTree = "<group>"; };
		53D47E8B2233169400D0B665 /* Theme.swift */ = {isa = PBXFileReference; lastKnownFileType = sourcecode.swift; path = Theme.swift; sourceTree = "<group>"; };
		53D47E8D223316C800D0B665 /* ThemeProtocol.swift */ = {isa = PBXFileReference; lastKnownFileType = sourcecode.swift; path = ThemeProtocol.swift; sourceTree = "<group>"; };
		53D4BD1C2231C86900705BA9 /* Extensions+UIView.swift */ = {isa = PBXFileReference; lastKnownFileType = sourcecode.swift; path = "Extensions+UIView.swift"; sourceTree = "<group>"; };
		53D7514D223087A900A523C5 /* BaseAppCell.swift */ = {isa = PBXFileReference; lastKnownFileType = sourcecode.swift; path = BaseAppCell.swift; sourceTree = "<group>"; };
		53DD23BD222EBC71000DDA14 /* AppStore.app */ = {isa = PBXFileReference; explicitFileType = wrapper.application; includeInIndex = 0; path = AppStore.app; sourceTree = BUILT_PRODUCTS_DIR; };
		53DD23C0222EBC71000DDA14 /* AppDelegate.swift */ = {isa = PBXFileReference; lastKnownFileType = sourcecode.swift; path = AppDelegate.swift; sourceTree = "<group>"; };
		53DD23C2222EBC71000DDA14 /* FeaturedAppsController.swift */ = {isa = PBXFileReference; lastKnownFileType = sourcecode.swift; path = FeaturedAppsController.swift; sourceTree = "<group>"; };
		53DD23C7222EBC72000DDA14 /* Assets.xcassets */ = {isa = PBXFileReference; lastKnownFileType = folder.assetcatalog; path = Assets.xcassets; sourceTree = "<group>"; };
		53DD23CA222EBC72000DDA14 /* Base */ = {isa = PBXFileReference; lastKnownFileType = file.storyboard; name = Base; path = Base.lproj/LaunchScreen.storyboard; sourceTree = "<group>"; };
		53DD23CC222EBC72000DDA14 /* Info.plist */ = {isa = PBXFileReference; lastKnownFileType = text.plist.xml; path = Info.plist; sourceTree = "<group>"; };
		53DD23D2222ECD2B000DDA14 /* FeaturedListCell.swift */ = {isa = PBXFileReference; lastKnownFileType = sourcecode.swift; path = FeaturedListCell.swift; sourceTree = "<group>"; };
		53F3581F222F63BF00181AFD /* App.swift */ = {isa = PBXFileReference; lastKnownFileType = sourcecode.swift; path = App.swift; sourceTree = "<group>"; };
		53F35821222F719A00181AFD /* SearchResult.swift */ = {isa = PBXFileReference; lastKnownFileType = sourcecode.swift; path = SearchResult.swift; sourceTree = "<group>"; };
		53F35823222F821300181AFD /* FeaturedList.swift */ = {isa = PBXFileReference; lastKnownFileType = sourcecode.swift; path = FeaturedList.swift; sourceTree = "<group>"; };
/* End PBXFileReference section */

/* Begin PBXFrameworksBuildPhase section */
		53DD23BA222EBC71000DDA14 /* Frameworks */ = {
			isa = PBXFrameworksBuildPhase;
			buildActionMask = 2147483647;
			files = (
			);
			runOnlyForDeploymentPostprocessing = 0;
		};
/* End PBXFrameworksBuildPhase section */

/* Begin PBXGroup section */
		5352B326223008620065BE5E /* Models */ = {
			isa = PBXGroup;
			children = (
				53F3581F222F63BF00181AFD /* App.swift */,
				53F35821222F719A00181AFD /* SearchResult.swift */,
				53F35823222F821300181AFD /* FeaturedList.swift */,
			);
			name = Models;
			path = "New Group";
			sourceTree = "<group>";
		};
		5352B327223009380065BE5E /* Cells */ = {
			isa = PBXGroup;
			children = (
				53AD149722304B28007678F2 /* AppDetailsCells */,
				53D7514D223087A900A523C5 /* BaseAppCell.swift */,
				53DD23D2222ECD2B000DDA14 /* FeaturedListCell.swift */,
				5391FC6B222F960B0014EC69 /* AppCell.swift */,
			);
			path = Cells;
			sourceTree = "<group>";
		};
		53AD149722304B28007678F2 /* AppDetailsCells */ = {
			isa = PBXGroup;
			children = (
				53AD149822304BDB007678F2 /* AppMainDetailsCell.swift */,
				5367525C2231655F00E51936 /* VersionDetailsCell.swift */,
				53A271C022335D3800BF018B /* ScreenshotsCell.swift */,
			);
			path = AppDetailsCells;
			sourceTree = "<group>";
		};
		53D47E8A2233165D00D0B665 /* Resources */ = {
			isa = PBXGroup;
			children = (
				53D47E8B2233169400D0B665 /* Theme.swift */,
				53D47E8D223316C800D0B665 /* ThemeProtocol.swift */,
			);
			path = Resources;
			sourceTree = "<group>";
		};
		53D4BD1B2231C84F00705BA9 /* Extensions */ = {
			isa = PBXGroup;
			children = (
				53D4BD1C2231C86900705BA9 /* Extensions+UIView.swift */,
				53A271C222336C2100BF018B /* Extensions+UIImage.swift */,
			);
			path = Extensions;
			sourceTree = "<group>";
		};
		53DD23B4222EBC71000DDA14 = {
			isa = PBXGroup;
			children = (
				53DD23BF222EBC71000DDA14 /* AppStore */,
				53DD23BE222EBC71000DDA14 /* Products */,
			);
			sourceTree = "<group>";
		};
		53DD23BE222EBC71000DDA14 /* Products */ = {
			isa = PBXGroup;
			children = (
				53DD23BD222EBC71000DDA14 /* AppStore.app */,
			);
			name = Products;
			sourceTree = "<group>";
		};
		53DD23BF222EBC71000DDA14 /* AppStore */ = {
			isa = PBXGroup;
			children = (
				53D47E8A2233165D00D0B665 /* Resources */,
				53D4BD1B2231C84F00705BA9 /* Extensions */,
				5352B327223009380065BE5E /* Cells */,
				5352B326223008620065BE5E /* Models */,
				53DD23C0222EBC71000DDA14 /* AppDelegate.swift */,
				53DD23C2222EBC71000DDA14 /* FeaturedAppsController.swift */,
				5352B328223009E20065BE5E /* AppDetailsViewController.swift */,
				53DD23C7222EBC72000DDA14 /* Assets.xcassets */,
				53DD23C9222EBC72000DDA14 /* LaunchScreen.storyboard */,
				53DD23CC222EBC72000DDA14 /* Info.plist */,
				53A271BE22334AA400BF018B /* JSON.txt */,
			);
			path = AppStore;
			sourceTree = "<group>";
		};
/* End PBXGroup section */

/* Begin PBXNativeTarget section */
		53DD23BC222EBC71000DDA14 /* AppStore */ = {
			isa = PBXNativeTarget;
			buildConfigurationList = 53DD23CF222EBC72000DDA14 /* Build configuration list for PBXNativeTarget "AppStore" */;
			buildPhases = (
				53DD23B9222EBC71000DDA14 /* Sources */,
				53DD23BA222EBC71000DDA14 /* Frameworks */,
				53DD23BB222EBC71000DDA14 /* Resources */,
			);
			buildRules = (
			);
			dependencies = (
			);
			name = AppStore;
			productName = AppStore;
			productReference = 53DD23BD222EBC71000DDA14 /* AppStore.app */;
			productType = "com.apple.product-type.application";
		};
/* End PBXNativeTarget section */

/* Begin PBXProject section */
		53DD23B5222EBC71000DDA14 /* Project object */ = {
			isa = PBXProject;
			attributes = {
				LastSwiftUpdateCheck = 1010;
				LastUpgradeCheck = 1010;
				ORGANIZATIONNAME = Andavazgar;
				TargetAttributes = {
					53DD23BC222EBC71000DDA14 = {
						CreatedOnToolsVersion = 10.1;
					};
				};
			};
			buildConfigurationList = 53DD23B8222EBC71000DDA14 /* Build configuration list for PBXProject "AppStore" */;
			compatibilityVersion = "Xcode 9.3";
			developmentRegion = en;
			hasScannedForEncodings = 0;
			knownRegions = (
				en,
				Base,
			);
			mainGroup = 53DD23B4222EBC71000DDA14;
			productRefGroup = 53DD23BE222EBC71000DDA14 /* Products */;
			projectDirPath = "";
			projectRoot = "";
			targets = (
				53DD23BC222EBC71000DDA14 /* AppStore */,
			);
		};
/* End PBXProject section */

/* Begin PBXResourcesBuildPhase section */
		53DD23BB222EBC71000DDA14 /* Resources */ = {
			isa = PBXResourcesBuildPhase;
			buildActionMask = 2147483647;
			files = (
				53DD23CB222EBC72000DDA14 /* LaunchScreen.storyboard in Resources */,
				53DD23C8222EBC72000DDA14 /* Assets.xcassets in Resources */,
				53A271BF22334AA400BF018B /* JSON.txt in Resources */,
			);
			runOnlyForDeploymentPostprocessing = 0;
		};
/* End PBXResourcesBuildPhase section */

/* Begin PBXSourcesBuildPhase section */
		53DD23B9222EBC71000DDA14 /* Sources */ = {
			isa = PBXSourcesBuildPhase;
			buildActionMask = 2147483647;
			files = (
				53D7514E223087A900A523C5 /* BaseAppCell.swift in Sources */,
				53DD23C3222EBC71000DDA14 /* FeaturedAppsController.swift in Sources */,
				53A271C122335D3800BF018B /* ScreenshotsCell.swift in Sources */,
				53D4BD1D2231C86900705BA9 /* Extensions+UIView.swift in Sources */,
				53D47E8E223316C800D0B665 /* ThemeProtocol.swift in Sources */,
				5391FC6C222F960B0014EC69 /* AppCell.swift in Sources */,
				53D47E8C2233169400D0B665 /* Theme.swift in Sources */,
				5367525D2231655F00E51936 /* VersionDetailsCell.swift in Sources */,
				53F35824222F821300181AFD /* FeaturedList.swift in Sources */,
				53F35820222F63BF00181AFD /* App.swift in Sources */,
				53F35822222F719A00181AFD /* SearchResult.swift in Sources */,
				53DD23D3222ECD2B000DDA14 /* FeaturedListCell.swift in Sources */,
				53AD149922304BDB007678F2 /* AppMainDetailsCell.swift in Sources */,
				53DD23C1222EBC71000DDA14 /* AppDelegate.swift in Sources */,
				53A271C322336C2100BF018B /* Extensions+UIImage.swift in Sources */,
				5352B329223009E20065BE5E /* AppDetailsViewController.swift in Sources */,
			);
			runOnlyForDeploymentPostprocessing = 0;
		};
/* End PBXSourcesBuildPhase section */

/* Begin PBXVariantGroup section */
		53DD23C9222EBC72000DDA14 /* LaunchScreen.storyboard */ = {
			isa = PBXVariantGroup;
			children = (
				53DD23CA222EBC72000DDA14 /* Base */,
			);
			name = LaunchScreen.storyboard;
			sourceTree = "<group>";
		};
/* End PBXVariantGroup section */

/* Begin XCBuildConfiguration section */
		53DD23CD222EBC72000DDA14 /* Debug */ = {
			isa = XCBuildConfiguration;
			buildSettings = {
				ALWAYS_SEARCH_USER_PATHS = NO;
				CLANG_ANALYZER_NONNULL = YES;
				CLANG_ANALYZER_NUMBER_OBJECT_CONVERSION = YES_AGGRESSIVE;
				CLANG_CXX_LANGUAGE_STANDARD = "gnu++14";
				CLANG_CXX_LIBRARY = "libc++";
				CLANG_ENABLE_MODULES = YES;
				CLANG_ENABLE_OBJC_ARC = YES;
				CLANG_ENABLE_OBJC_WEAK = YES;
				CLANG_WARN_BLOCK_CAPTURE_AUTORELEASING = YES;
				CLANG_WARN_BOOL_CONVERSION = YES;
				CLANG_WARN_COMMA = YES;
				CLANG_WARN_CONSTANT_CONVERSION = YES;
				CLANG_WARN_DEPRECATED_OBJC_IMPLEMENTATIONS = YES;
				CLANG_WARN_DIRECT_OBJC_ISA_USAGE = YES_ERROR;
				CLANG_WARN_DOCUMENTATION_COMMENTS = YES;
				CLANG_WARN_EMPTY_BODY = YES;
				CLANG_WARN_ENUM_CONVERSION = YES;
				CLANG_WARN_INFINITE_RECURSION = YES;
				CLANG_WARN_INT_CONVERSION = YES;
				CLANG_WARN_NON_LITERAL_NULL_CONVERSION = YES;
				CLANG_WARN_OBJC_IMPLICIT_RETAIN_SELF = YES;
				CLANG_WARN_OBJC_LITERAL_CONVERSION = YES;
				CLANG_WARN_OBJC_ROOT_CLASS = YES_ERROR;
				CLANG_WARN_RANGE_LOOP_ANALYSIS = YES;
				CLANG_WARN_STRICT_PROTOTYPES = YES;
				CLANG_WARN_SUSPICIOUS_MOVE = YES;
				CLANG_WARN_UNGUARDED_AVAILABILITY = YES_AGGRESSIVE;
				CLANG_WARN_UNREACHABLE_CODE = YES;
				CLANG_WARN__DUPLICATE_METHOD_MATCH = YES;
				CODE_SIGN_IDENTITY = "iPhone Developer";
				COPY_PHASE_STRIP = NO;
				DEBUG_INFORMATION_FORMAT = dwarf;
				ENABLE_STRICT_OBJC_MSGSEND = YES;
				ENABLE_TESTABILITY = YES;
				GCC_C_LANGUAGE_STANDARD = gnu11;
				GCC_DYNAMIC_NO_PIC = NO;
				GCC_NO_COMMON_BLOCKS = YES;
				GCC_OPTIMIZATION_LEVEL = 0;
				GCC_PREPROCESSOR_DEFINITIONS = (
					"DEBUG=1",
					"$(inherited)",
				);
				GCC_WARN_64_TO_32_BIT_CONVERSION = YES;
				GCC_WARN_ABOUT_RETURN_TYPE = YES_ERROR;
				GCC_WARN_UNDECLARED_SELECTOR = YES;
				GCC_WARN_UNINITIALIZED_AUTOS = YES_AGGRESSIVE;
				GCC_WARN_UNUSED_FUNCTION = YES;
				GCC_WARN_UNUSED_VARIABLE = YES;
				IPHONEOS_DEPLOYMENT_TARGET = 12.1;
				MTL_ENABLE_DEBUG_INFO = INCLUDE_SOURCE;
				MTL_FAST_MATH = YES;
				ONLY_ACTIVE_ARCH = YES;
				SDKROOT = iphoneos;
				SWIFT_ACTIVE_COMPILATION_CONDITIONS = DEBUG;
				SWIFT_OPTIMIZATION_LEVEL = "-Onone";
			};
			name = Debug;
		};
		53DD23CE222EBC72000DDA14 /* Release */ = {
			isa = XCBuildConfiguration;
			buildSettings = {
				ALWAYS_SEARCH_USER_PATHS = NO;
				CLANG_ANALYZER_NONNULL = YES;
				CLANG_ANALYZER_NUMBER_OBJECT_CONVERSION = YES_AGGRESSIVE;
				CLANG_CXX_LANGUAGE_STANDARD = "gnu++14";
				CLANG_CXX_LIBRARY = "libc++";
				CLANG_ENABLE_MODULES = YES;
				CLANG_ENABLE_OBJC_ARC = YES;
				CLANG_ENABLE_OBJC_WEAK = YES;
				CLANG_WARN_BLOCK_CAPTURE_AUTORELEASING = YES;
				CLANG_WARN_BOOL_CONVERSION = YES;
				CLANG_WARN_COMMA = YES;
				CLANG_WARN_CONSTANT_CONVERSION = YES;
				CLANG_WARN_DEPRECATED_OBJC_IMPLEMENTATIONS = YES;
				CLANG_WARN_DIRECT_OBJC_ISA_USAGE = YES_ERROR;
				CLANG_WARN_DOCUMENTATION_COMMENTS = YES;
				CLANG_WARN_EMPTY_BODY = YES;
				CLANG_WARN_ENUM_CONVERSION = YES;
				CLANG_WARN_INFINITE_RECURSION = YES;
				CLANG_WARN_INT_CONVERSION = YES;
				CLANG_WARN_NON_LITERAL_NULL_CONVERSION = YES;
				CLANG_WARN_OBJC_IMPLICIT_RETAIN_SELF = YES;
				CLANG_WARN_OBJC_LITERAL_CONVERSION = YES;
				CLANG_WARN_OBJC_ROOT_CLASS = YES_ERROR;
				CLANG_WARN_RANGE_LOOP_ANALYSIS = YES;
				CLANG_WARN_STRICT_PROTOTYPES = YES;
				CLANG_WARN_SUSPICIOUS_MOVE = YES;
				CLANG_WARN_UNGUARDED_AVAILABILITY = YES_AGGRESSIVE;
				CLANG_WARN_UNREACHABLE_CODE = YES;
				CLANG_WARN__DUPLICATE_METHOD_MATCH = YES;
				CODE_SIGN_IDENTITY = "iPhone Developer";
				COPY_PHASE_STRIP = NO;
				DEBUG_INFORMATION_FORMAT = "dwarf-with-dsym";
				ENABLE_NS_ASSERTIONS = NO;
				ENABLE_STRICT_OBJC_MSGSEND = YES;
				GCC_C_LANGUAGE_STANDARD = gnu11;
				GCC_NO_COMMON_BLOCKS = YES;
				GCC_WARN_64_TO_32_BIT_CONVERSION = YES;
				GCC_WARN_ABOUT_RETURN_TYPE = YES_ERROR;
				GCC_WARN_UNDECLARED_SELECTOR = YES;
				GCC_WARN_UNINITIALIZED_AUTOS = YES_AGGRESSIVE;
				GCC_WARN_UNUSED_FUNCTION = YES;
				GCC_WARN_UNUSED_VARIABLE = YES;
				IPHONEOS_DEPLOYMENT_TARGET = 12.1;
				MTL_ENABLE_DEBUG_INFO = NO;
				MTL_FAST_MATH = YES;
				SDKROOT = iphoneos;
				SWIFT_COMPILATION_MODE = wholemodule;
				SWIFT_OPTIMIZATION_LEVEL = "-O";
				VALIDATE_PRODUCT = YES;
			};
			name = Release;
		};
		53DD23D0222EBC72000DDA14 /* Debug */ = {
			isa = XCBuildConfiguration;
			buildSettings = {
				ASSETCATALOG_COMPILER_APPICON_NAME = AppIcon;
				CODE_SIGN_STYLE = Automatic;
				DEVELOPMENT_TEAM = WSR8557KHP;
				INFOPLIST_FILE = AppStore/Info.plist;
				LD_RUNPATH_SEARCH_PATHS = (
					"$(inherited)",
					"@executable_path/Frameworks",
				);
				PRODUCT_BUNDLE_IDENTIFIER = com.andavazgar.AppStore;
				PRODUCT_NAME = "$(TARGET_NAME)";
				SWIFT_VERSION = 4.2;
				TARGETED_DEVICE_FAMILY = "1,2";
			};
			name = Debug;
		};
		53DD23D1222EBC72000DDA14 /* Release */ = {
			isa = XCBuildConfiguration;
			buildSettings = {
				ASSETCATALOG_COMPILER_APPICON_NAME = AppIcon;
				CODE_SIGN_STYLE = Automatic;
				DEVELOPMENT_TEAM = WSR8557KHP;
				INFOPLIST_FILE = AppStore/Info.plist;
				LD_RUNPATH_SEARCH_PATHS = (
					"$(inherited)",
					"@executable_path/Frameworks",
				);
				PRODUCT_BUNDLE_IDENTIFIER = com.andavazgar.AppStore;
				PRODUCT_NAME = "$(TARGET_NAME)";
				SWIFT_VERSION = 4.2;
				TARGETED_DEVICE_FAMILY = "1,2";
			};
			name = Release;
		};
/* End XCBuildConfiguration section */

/* Begin XCConfigurationList section */
		53DD23B8222EBC71000DDA14 /* Build configuration list for PBXProject "AppStore" */ = {
			isa = XCConfigurationList;
			buildConfigurations = (
				53DD23CD222EBC72000DDA14 /* Debug */,
				53DD23CE222EBC72000DDA14 /* Release */,
			);
			defaultConfigurationIsVisible = 0;
			defaultConfigurationName = Release;
		};
		53DD23CF222EBC72000DDA14 /* Build configuration list for PBXNativeTarget "AppStore" */ = {
			isa = XCConfigurationList;
			buildConfigurations = (
				53DD23D0222EBC72000DDA14 /* Debug */,
				53DD23D1222EBC72000DDA14 /* Release */,
			);
			defaultConfigurationIsVisible = 0;
			defaultConfigurationName = Release;
		};
/* End XCConfigurationList section */
	};
	rootObject = 53DD23B5222EBC71000DDA14 /* Project object */;
}
